{
    "_meta": {
        "hash": {
            "sha256": "a1e47580578b71bc4a6ae1fdbd3bfbc9d5ee394e9af6114e1adbb923939ad30a"
        },
        "pipfile-spec": 6,
        "requires": {
            "python_version": "3.8"
        },
        "sources": [
            {
                "name": "pypi",
                "url": "https://pypi.org/simple",
                "verify_ssl": true
            }
        ]
    },
    "default": {
        "certifi": {
            "hashes": [
                "sha256:9c5705e395cd70084351dd8ad5c41e65655e08ce46f2ec9cf6c2c08390f71eb7",
                "sha256:f1d53542ee8cbedbe2118b5686372fb33c297fcd6379b050cca0ef13a597382a"
            ],
            "version": "==2022.5.18.1"
        },
        "click": {
            "hashes": [
                "sha256:7682dc8afb30297001674575ea00d1814d808d6a36af415a82bd481d37ba7b8e",
                "sha256:bb4d8133cb15a609f44e8213d9b391b0809795062913b383c62be0ee95b1db48"
            ],
            "version": "==8.1.3"
        },
        "configobj": {
            "hashes": [
                "sha256:a2f5650770e1c87fb335af19a9b7eb73fc05ccf22144eb68db7d00cd2bcb0902"
            ],
            "version": "==5.0.6"
        },
        "dynaconf": {
            "extras": [
                "ini"
            ],
            "hashes": [
                "sha256:9eaaa6e64a4a64225f80cdad14379a37656b8f2dc607ab0fd949b75d479674cc",
                "sha256:f435c9e5b0b4b1dddf5e17e60a1e4c91ae0e6275aa51522456e671a7be3380eb"
            ],
            "index": "pypi",
            "version": "==3.1.9"
        },
        "mergin-client": {
            "hashes": [
                "sha256:fd5b16cea8f6f96050206cd6ecb0610c5d892c90941818359aa07395351c12d7"
            ],
            "index": "pypi",
            "version": "==0.7.3"
        },
        "minio": {
            "hashes": [
                "sha256:a711f3e6961ef083c161cee79f42a01d73369fc9111ccf76a74fb8d58b41d00a",
                "sha256:f87ef2adf55e9beeb2216b41bbe1c8837fd1276e6bac2921f785f74e1b4e4a06"
            ],
            "index": "pypi",
            "version": "==7.1.9"
        },
        "pygeodiff": {
            "hashes": [
                "sha256:0198196493b2e9f71165320f42463df62a1a5755612ee9d0df178b7b3a280300",
                "sha256:07ad6d1f32b73b2279af0d6dd18be56ae68c4dde71ddb141a9f477eacdb8a8ef",
                "sha256:0f9c04c5ce7c4181da213d51446961f0a2937e8644288697b20f59107f577851",
                "sha256:11c0310d8f1d2af45bed8d878f3c78f9e039677cad0573340a7a0dd13e75c02d",
                "sha256:13f514ae6e155931eab97761738d4e657062ca19121bb2150e68b354d5ef50da",
                "sha256:1b5443fd915a4b8fb9be0154645b128e468ef0e91b71cb65fbed191b3b76f03c",
                "sha256:2288e69e12ece9292fedd23010a3d0fb647e5cc75f41fa3b5c044c7788ed4351",
                "sha256:2d3aa23045310bfcc2aa9a5654cea2b69ac732d380ff7db302405bf6b8efe85a",
                "sha256:2dc4ff5e7ec6bb08c3111b25ffe12a1c371f01134a8a189bff29dd9ea3af3d54",
                "sha256:3ad363d25145fa9d4f3ddeec54ed09141b7115481deebde615ffc80ef9ab1b26",
                "sha256:44a03089c7b24f3e72b903c29a1c17b26e25652d970bf4a8a934cc8fcef44f9b",
                "sha256:4d0e60017d8f56f7628b7218c2a9e168968e2eddc6395face873be8655c9dee0",
                "sha256:569d573c64564c56c27a64ba1dfcce3ec7285a2a78f17133c9dccc696222de5e",
                "sha256:67b328567cccfa6bac02c284ac4b004b8360a361e8723f61ba5fa34e307850fa",
                "sha256:72e9f48d54df5f0082a2747c78401b169b696c0af77cf1ec4ab18a10b431cd87",
                "sha256:7c9e74e59c516df0cb7ff8dfeec99b48e5aa74ce666bd28c362701774ffc4fa9",
                "sha256:8074e794542b051c4bf673a818a45705e822833e493dc92393e290cc8e8abe45",
                "sha256:8b103065a1a99a3a03d4ae70d93abfb0992e7a6117d1dcfdcd2f5cdfb7c43876",
                "sha256:92e85849b0c9f1ae01f4084d1cad0033def879ca725dab454a5292bb6bd86d7f",
                "sha256:9e91097f663adc0f82ef51873fd68bd2da50c2ce1b04b3ffb71feae460f6b5b1",
                "sha256:a41ab1beb884e9d5a073ab6ed537c11cf9b27ca5c2a93447b68198c679365956",
                "sha256:a8041632a822a2c1e26a6253a1c2f7ea04fa4bd7ad13fbdca5109f0fb0ce67ec",
                "sha256:a908b4b28ebaf4bcb1dda75a230da115d176f82584b66320b17b30e10810217f",
                "sha256:aab19da0341a4949cdd8649a3b4cb092126b9a84c187d53f72f4327d02ebb45e",
                "sha256:adb9c24bac958135aa40fd45fc2d696487950912aa5ee9b6c0b33a4c48430c26",
                "sha256:b301166a5c7f513e930565f705617b5eb8eafb3e84797f0341f3ba0b0c28be6e",
                "sha256:b81c20c246a8cd94cd6961ab3bd09a1ce77b9f9bdddca66a4a14fa7f0a688162",
                "sha256:b83504bfd965295cb2effec7f5337532facb38acc9214eb8b1b17320464da2ba",
                "sha256:bf263265d56d23e2e0696e08b6c8feb6eb77fc6adcfbe94d729f2de3a978588a",
                "sha256:c1d2024bf444a69ced4dc56c09777a90faa36126aeed39ae949b97df1228708b",
                "sha256:c626d683e5856dae992b4093b6223deb07bd1c75257031d08dee3fb3e1720b53",
                "sha256:e013c87160bd8fe3f68a16af91c2ebb227f27af035d76994d95ff3139084c5a7",
                "sha256:e03908b9837e1684b8a26802830547d4d99f26632e10e78362bb73a4f00b2b1e",
                "sha256:e08e6527155f5e5f346399e0362bf6714bf67bfd42bfefde8704aad4a58a8bea",
                "sha256:e2688b6b6818acbf664c77d617f9b9186279203b902323356cee096481a904f2",
                "sha256:e63201f57ba540e3ef646ad6e50f68612360bcc9a7fa657b40a67769d7d20f9a",
                "sha256:e80365caf26855af435a648745b253b206827cda9318dcab6c3404d84308b779",
                "sha256:f23943c9df086681f9c124f9aa8b838bf133a1c6c9a5092dd8d2fc6742d2d99e",
                "sha256:f4f41500f09dae63661fcd61a6793089471206e79a4fed1ec8277cefb8c484dd",
                "sha256:f5f968ab8e53a06625f7f0944f23804dc53e684fa416005256eb58712fc0b44e",
                "sha256:fd1e7e59671fe80e7f46b20c1ac0e7b7f3683b07c05f021dc6d1160575a451c4"
            ],
            "version": "==1.0.6"
        },
        "python-dateutil": {
            "hashes": [
                "sha256:0123cacc1627ae19ddf3c27a5de5bd67ee4586fbdd6440d9748f8abb483d3e86",
                "sha256:961d03dc3453ebbc59dbdea9e4e11c5651520a876d0f4db161e8674aae935da9"
            ],
            "version": "==2.8.2"
        },
        "pytz": {
            "hashes": [
                "sha256:1e760e2fe6a8163bc0b3d9a19c4f84342afa0a2affebfaa84b01b978a02ecaa7",
                "sha256:e68985985296d9a66a881eb3193b0906246245294a881e7c8afe623866ac6a5c"
            ],
            "version": "==2022.1"
        },
        "six": {
            "hashes": [
                "sha256:1e61c37477a1626458e36f7b1d82aa5c9b094fa4802892072e49de9c60c4c926",
                "sha256:8abb2f1d86890a2dfb989f9a77cfcfd3e47c2a354b01111771326f8aa26e0254"
            ],
            "version": "==1.16.0"
        },
        "urllib3": {
            "hashes": [
                "sha256:44ece4d53fb1706f667c9bd1c648f5469a2ec925fcf3a776667042d645472c14",
                "sha256:aabaf16477806a5e1dd19aa41f8c2b7950dd3c746362d7e3223dbe6de6ac448e"
            ],
            "version": "==1.26.9"
        }
    },
    "develop": {
        "attrs": {
            "hashes": [
                "sha256:2d27e3784d7a565d36ab851fe94887c5eccd6a463168875832a1be79c82828b4",
                "sha256:626ba8234211db98e869df76230a137c4c40a12d72445c45d5f5b716f076e2fd"
            ],
            "version": "==21.4.0"
        },
        "coverage": {
            "extras": [
                "toml"
            ],
            "hashes": [
                "sha256:01c5615d13f3dd3aa8543afc069e5319cfa0c7d712f6e04b920431e5c564a749",
                "sha256:106c16dfe494de3193ec55cac9640dd039b66e196e4641fa8ac396181578b982",
                "sha256:129cd05ba6f0d08a766d942a9ed4b29283aff7b2cccf5b7ce279d50796860bb3",
                "sha256:145f296d00441ca703a659e8f3eb48ae39fb083baba2d7ce4482fb2723e050d9",
                "sha256:1480ff858b4113db2718848d7b2d1b75bc79895a9c22e76a221b9d8d62496428",
                "sha256:269eaa2c20a13a5bf17558d4dc91a8d078c4fa1872f25303dddcbba3a813085e",
                "sha256:26dff09fb0d82693ba9e6231248641d60ba606150d02ed45110f9ec26404ed1c",
                "sha256:2bd9a6fc18aab8d2e18f89b7ff91c0f34ff4d5e0ba0b33e989b3cd4194c81fd9",
                "sha256:309ce4a522ed5fca432af4ebe0f32b21d6d7ccbb0f5fcc99290e71feba67c264",
                "sha256:3384f2a3652cef289e38100f2d037956194a837221edd520a7ee5b42d00cc605",
                "sha256:342d4aefd1c3e7f620a13f4fe563154d808b69cccef415415aece4c786665397",
                "sha256:39ee53946bf009788108b4dd2894bf1349b4e0ca18c2016ffa7d26ce46b8f10d",
                "sha256:4321f075095a096e70aff1d002030ee612b65a205a0a0f5b815280d5dc58100c",
                "sha256:4803e7ccf93230accb928f3a68f00ffa80a88213af98ed338a57ad021ef06815",
                "sha256:4ce1b258493cbf8aec43e9b50d89982346b98e9ffdfaae8ae5793bc112fb0068",
                "sha256:664a47ce62fe4bef9e2d2c430306e1428ecea207ffd68649e3b942fa8ea83b0b",
                "sha256:75ab269400706fab15981fd4bd5080c56bd5cc07c3bccb86aab5e1d5a88dc8f4",
                "sha256:83c4e737f60c6936460c5be330d296dd5b48b3963f48634c53b3f7deb0f34ec4",
                "sha256:84631e81dd053e8a0d4967cedab6db94345f1c36107c71698f746cb2636c63e3",
                "sha256:84e65ef149028516c6d64461b95a8dbcfce95cfd5b9eb634320596173332ea84",
                "sha256:865d69ae811a392f4d06bde506d531f6a28a00af36f5c8649684a9e5e4a85c83",
                "sha256:87f4f3df85aa39da00fd3ec4b5abeb7407e82b68c7c5ad181308b0e2526da5d4",
                "sha256:8c08da0bd238f2970230c2a0d28ff0e99961598cb2e810245d7fc5afcf1254e8",
                "sha256:961e2fb0680b4f5ad63234e0bf55dfb90d302740ae9c7ed0120677a94a1590cb",
                "sha256:9b3e07152b4563722be523e8cd0b209e0d1a373022cfbde395ebb6575bf6790d",
                "sha256:a7f3049243783df2e6cc6deafc49ea123522b59f464831476d3d1448e30d72df",
                "sha256:bf5601c33213d3cb19d17a796f8a14a9eaa5e87629a53979a5981e3e3ae166f6",
                "sha256:cec3a0f75c8f1031825e19cd86ee787e87cf03e4fd2865c79c057092e69e3a3b",
                "sha256:d42c549a8f41dc103a8004b9f0c433e2086add8a719da00e246e17cbe4056f72",
                "sha256:d67d44996140af8b84284e5e7d398e589574b376fb4de8ccd28d82ad8e3bea13",
                "sha256:d9c80df769f5ec05ad21ea34be7458d1dc51ff1fb4b2219e77fe24edf462d6df",
                "sha256:e57816f8ffe46b1df8f12e1b348f06d164fd5219beba7d9433ba79608ef011cc",
                "sha256:ee2ddcac99b2d2aec413e36d7a429ae9ebcadf912946b13ffa88e7d4c9b712d6",
                "sha256:f02cbbf8119db68455b9d763f2f8737bb7db7e43720afa07d8eb1604e5c5ae28",
                "sha256:f1d5aa2703e1dab4ae6cf416eb0095304f49d004c39e9db1d86f57924f43006b",
                "sha256:f5b66caa62922531059bc5ac04f836860412f7f88d38a476eda0a6f11d4724f4",
                "sha256:f69718750eaae75efe506406c490d6fc5a6161d047206cc63ce25527e8a3adad",
                "sha256:fb73e0011b8793c053bfa85e53129ba5f0250fdc0392c1591fd35d915ec75c46",
                "sha256:fd180ed867e289964404051a958f7cccabdeed423f91a899829264bb7974d3d3",
                "sha256:fdb6f7bd51c2d1714cea40718f6149ad9be6a2ee7d93b19e9f00934c0f2a74d9",
                "sha256:ffa9297c3a453fba4717d06df579af42ab9a28022444cae7fa605af4df612d54"
            ],
            "version": "==6.4.1"
        },
        "iniconfig": {
            "hashes": [
                "sha256:011e24c64b7f47f6ebd835bb12a743f2fbe9a26d4cecaa7f53bc4f35ee9da8b3",
                "sha256:bc3af051d7d14b2ee5ef9969666def0cd1a000e121eaea580d4a313df4b37f32"
            ],
            "version": "==1.1.1"
        },
        "packaging": {
            "hashes": [
                "sha256:dd47c42927d89ab911e606518907cc2d3a1f38bbd026385970643f9c5b8ecfeb",
                "sha256:ef103e05f519cdc783ae24ea4e2e0f508a9c99b2d4969652eed6a2e1ea5bd522"
            ],
            "version": "==21.3"
        },
        "pluggy": {
            "hashes": [
                "sha256:4224373bacce55f955a878bf9cfa763c1e360858e330072059e10bad68531159",
                "sha256:74134bbf457f031a36d68416e1509f34bd5ccc019f0bcc952c7b909d06b37bd3"
            ],
            "version": "==1.0.0"
        },
        "py": {
            "hashes": [
                "sha256:51c75c4126074b472f746a24399ad32f6053d1b34b68d2fa41e558e6f4a98719",
                "sha256:607c53218732647dff4acdfcd50cb62615cedf612e72d1724fb1a0cc6405b378"
            ],
            "version": "==1.11.0"
        },
        "pyparsing": {
            "hashes": [
                "sha256:2b020ecf7d21b687f219b71ecad3631f644a47f01403fa1d1036b0c6416d70fb",
                "sha256:5026bae9a10eeaefb61dab2f09052b9f4307d44aee4eda64b309723d8d206bbc"
            ],
            "version": "==3.0.9"
        },
        "pytest": {
            "hashes": [
                "sha256:131b36680866a76e6781d13f101efb86cf674ebb9762eb70d3082b6f29889e89",
                "sha256:7310f8d27bc79ced999e760ca304d69f6ba6c6649c0b60fb0e04a4a77cacc134"
            ],
            "index": "pypi",
            "version": "==6.2.5"
        },
        "pytest-cov": {
            "hashes": [
                "sha256:578d5d15ac4a25e5f961c938b85a05b09fdaae9deef3bb6de9a6e766622ca7a6",
                "sha256:e7f0f5b1617d2210a2cabc266dfe2f4c75a8d32fb89eafb7ad9d06f6d076d470"
            ],
            "index": "pypi",
            "version": "==3.0.0"
        },
        "toml": {
            "hashes": [
                "sha256:806143ae5bfb6a3c6e736a764057db0e6a0e05e338b5630894a5f779cabb4f9b",
                "sha256:b3bda1d108d5dd99f4a20d24d9c348e91c4db7ab1b749200bded2f839ccbe68f"
            ],
            "version": "==0.10.2"
        },
        "tomli": {
            "hashes": [
                "sha256:939de3e7a6161af0c887ef91b7d41a53e7c5a1ca976325f429cb46ea9bc30ecc",
                "sha256:de526c12914f0c550d15924c62d72abc48d6fe7364aa87328337a31007fe8a4f"
            ],
            "version": "==2.0.1"
        }
    }
}
